
Microsoft Visual Studio Solution File, Format Version 12.00
# Visual Studio Version 17
VisualStudioVersion = 17.5.002.0
MinimumVisualStudioVersion = 10.0.40219.1
Project("{9A19103F-16F7-4668-BE54-9A1E7A4F7556}") = "Develop03", "Develop03.csproj", "{F53902A1-4D1D-48DB-A593-6452D50D8884}"
EndProject
Global
	GlobalSection(SolutionConfigurationPlatforms) = preSolution
		Debug|Any CPU = Debug|Any CPU
		Release|Any CPU = Release|Any CPU
	EndGlobalSection
	GlobalSection(ProjectConfigurationPlatforms) = postSolution
		{F53902A1-4D1D-48DB-A593-6452D50D8884}.Debug|Any CPU.ActiveCfg = Debug|Any CPU
		{F53902A1-4D1D-48DB-A593-6452D50D8884}.Debug|Any CPU.Build.0 = Debug|Any CPU
		{F53902A1-4D1D-48DB-A593-6452D50D8884}.Release|Any CPU.ActiveCfg = Release|Any CPU
		{F53902A1-4D1D-48DB-A593-6452D50D8884}.Release|Any CPU.Build.0 = Release|Any CPU
	EndGlobalSection
	GlobalSection(SolutionProperties) = preSolution
		HideSolutionNode = FALSE
	EndGlobalSection
	GlobalSection(ExtensibilityGlobals) = postSolution
		SolutionGuid = {F3D94326-E8B2-4BFE-9256-8BA118B379B6}
	EndGlobalSection
EndGlobal
